
Microsoft Visual Studio Solution File, Format Version 12.00
# Visual Studio Version 16
VisualStudioVersion = 16.0.29806.167
MinimumVisualStudioVersion = 10.0.40219.1
Project("{FAE04EC0-301F-11D3-BF4B-00C04F79EFBC}") = "WebApplication1", "WebApplication1\WebApplication1.csproj", "{B3C2280D-68AE-450C-A3C1-4F3910B309FB}"
EndProject
Global
	GlobalSection(SolutionConfigurationPlatforms) = preSolution
		Debug|Any CPU = Debug|Any CPU
		Release|Any CPU = Release|Any CPU
	EndGlobalSection
	GlobalSection(ProjectConfigurationPlatforms) = postSolution
		{B3C2280D-68AE-450C-A3C1-4F3910B309FB}.Debug|Any CPU.ActiveCfg = Debug|Any CPU
		{B3C2280D-68AE-450C-A3C1-4F3910B309FB}.Debug|Any CPU.Build.0 = Debug|Any CPU
		{B3C2280D-68AE-450C-A3C1-4F3910B309FB}.Release|Any CPU.ActiveCfg = Release|Any CPU
		{B3C2280D-68AE-450C-A3C1-4F3910B309FB}.Release|Any CPU.Build.0 = Release|Any CPU
	EndGlobalSection
	GlobalSection(SolutionProperties) = preSolution
		HideSolutionNode = FALSE
	EndGlobalSection
	GlobalSection(ExtensibilityGlobals) = postSolution
		SolutionGuid = {D2B7CE9D-ED81-434E-8B6A-18B5D1ED7259}
	EndGlobalSection
EndGlobal
